// !$*UTF8*$!
{
	archiveVersion = 1;
	classes = {
	};
	objectVersion = 60;
	objects = {

/* Begin PBXBuildFile section */
		30008DFB2B86458800F2BE37 /* DownloadListViewController.swift in Sources */ = {isa = PBXBuildFile; fileRef = 30008DFA2B86458800F2BE37 /* DownloadListViewController.swift */; };
		300108EE2A9E58F5002FBB52 /* MainViewController.swift in Sources */ = {isa = PBXBuildFile; fileRef = 300108EC2A9E58F5002FBB52 /* MainViewController.swift */; };
		300108EF2A9E58F5002FBB52 /* MainViewController.xib in Resources */ = {isa = PBXBuildFile; fileRef = 300108ED2A9E58F5002FBB52 /* MainViewController.xib */; };
		3013B9252AB75D3200DD2F63 /* Extensions.swift in Sources */ = {isa = PBXBuildFile; fileRef = 3013B9242AB75D3200DD2F63 /* Extensions.swift */; };
		3024970B2AA77E2600E2AD24 /* DownloadRowView.swift in Sources */ = {isa = PBXBuildFile; fileRef = 3024970A2AA77E2600E2AD24 /* DownloadRowView.swift */; };
		3024970D2AA7889F00E2AD24 /* Utils.swift in Sources */ = {isa = PBXBuildFile; fileRef = 3024970C2AA7889F00E2AD24 /* Utils.swift */; };
		302830D92ADBDAEA00A3A549 /* ZigUserManager.swift in Sources */ = {isa = PBXBuildFile; fileRef = 302830D82ADBDAEA00A3A549 /* ZigUserManager.swift */; };
		3036F4522B39A0EB00F365E4 /* FileListViewController.swift in Sources */ = {isa = PBXBuildFile; fileRef = 3036F4512B39A0EB00F365E4 /* FileListViewController.swift */; };
		3036F4542B3B1C6900F365E4 /* SidePanelView.swift in Sources */ = {isa = PBXBuildFile; fileRef = 3036F4532B3B1C6900F365E4 /* SidePanelView.swift */; };
		305EA5D42BCA6D22007D70FE /* ZigBaseAlertView.swift in Sources */ = {isa = PBXBuildFile; fileRef = 305EA5D32BCA6D22007D70FE /* ZigBaseAlertView.swift */; };
		3065E2D52BA5D1B300A3114F /* SearchView.swift in Sources */ = {isa = PBXBuildFile; fileRef = 3065E2D42BA5D1B300A3114F /* SearchView.swift */; };
		3065E34C2BA72B2100A3114F /* Tiercel in Resources */ = {isa = PBXBuildFile; fileRef = 3065E34B2BA72B2100A3114F /* Tiercel */; };
		3065E34F2BA72BEB00A3114F /* Tiercel in Frameworks */ = {isa = PBXBuildFile; productRef = 3065E34E2BA72BEB00A3114F /* Tiercel */; };
		3065E3512BA7315700A3114F /* ZigDownloadManager.swift in Sources */ = {isa = PBXBuildFile; fileRef = 3065E3502BA7315700A3114F /* ZigDownloadManager.swift */; };
		3065E3532BA73A8300A3114F /* ZigBookmark.swift in Sources */ = {isa = PBXBuildFile; fileRef = 3065E3522BA73A8300A3114F /* ZigBookmark.swift */; };
		306954E02ABB39910059901F /* AlertWindow.swift in Sources */ = {isa = PBXBuildFile; fileRef = 306954DF2ABB39910059901F /* AlertWindow.swift */; };
		306954E32ABB3AC70059901F /* ZigLabel.swift in Sources */ = {isa = PBXBuildFile; fileRef = 306954E22ABB3AC70059901F /* ZigLabel.swift */; };
		306EE5AF2AA0E3EB00428E82 /* FileRowView.swift in Sources */ = {isa = PBXBuildFile; fileRef = 306EE5AE2AA0E3EB00428E82 /* FileRowView.swift */; };
		306EE5B12AA0FF2900428E82 /* UsageView.swift in Sources */ = {isa = PBXBuildFile; fileRef = 306EE5B02AA0FF2900428E82 /* UsageView.swift */; };
		308429D02AAC7AC70086AB2E /* ImagePreviewController.swift in Sources */ = {isa = PBXBuildFile; fileRef = 308429CF2AAC7AC70086AB2E /* ImagePreviewController.swift */; };
		309AFD212AA4273B005F50C9 /* FilePathView.swift in Sources */ = {isa = PBXBuildFile; fileRef = 309AFD202AA4273B005F50C9 /* FilePathView.swift */; };
		309AFD252AA49B6C005F50C9 /* TabItemView.swift in Sources */ = {isa = PBXBuildFile; fileRef = 309AFD242AA49B6C005F50C9 /* TabItemView.swift */; };
		309AFD272AA4DD88005F50C9 /* CategoryRowView.swift in Sources */ = {isa = PBXBuildFile; fileRef = 309AFD262AA4DD88005F50C9 /* CategoryRowView.swift */; };
		30ABAA232B3489F70098DC23 /* WebRequest.swift in Sources */ = {isa = PBXBuildFile; fileRef = 30ABAA222B3489F70098DC23 /* WebRequest.swift */; };
		30ABAA282B34934C0098DC23 /* ZigClientManager.swift in Sources */ = {isa = PBXBuildFile; fileRef = 30ABAA272B34934C0098DC23 /* ZigClientManager.swift */; };
		30AC005F2BD6B6D200E8E6E7 /* UploadTask.swift in Sources */ = {isa = PBXBuildFile; fileRef = 30AC005E2BD6B6D200E8E6E7 /* UploadTask.swift */; };
		30AC00612BD6B7E600E8E6E7 /* UploadManager.swift in Sources */ = {isa = PBXBuildFile; fileRef = 30AC00602BD6B7E600E8E6E7 /* UploadManager.swift */; };
		30B7E92E2BB0584300870ABA /* SubSidePanelView.swift in Sources */ = {isa = PBXBuildFile; fileRef = 30B7E92D2BB0584300870ABA /* SubSidePanelView.swift */; };
		30B7E9302BB0596700870ABA /* SubSidePanelItemRowView.swift in Sources */ = {isa = PBXBuildFile; fileRef = 30B7E92F2BB0596700870ABA /* SubSidePanelItemRowView.swift */; };
		30B7E9322BB06C3A00870ABA /* ResourceListViewController.swift in Sources */ = {isa = PBXBuildFile; fileRef = 30B7E9312BB06C3A00870ABA /* ResourceListViewController.swift */; };
		30B883392B3DDE5B00794B57 /* Const.swift in Sources */ = {isa = PBXBuildFile; fileRef = 30B883382B3DDE5B00794B57 /* Const.swift */; };
		30BB71782A9E414B00ADBF01 /* AppDelegate.swift in Sources */ = {isa = PBXBuildFile; fileRef = 30BB71772A9E414B00ADBF01 /* AppDelegate.swift */; };
		30BB717C2A9E414C00ADBF01 /* Assets.xcassets in Resources */ = {isa = PBXBuildFile; fileRef = 30BB717B2A9E414C00ADBF01 /* Assets.xcassets */; };
		30BB71872A9E418600ADBF01 /* main.swift in Sources */ = {isa = PBXBuildFile; fileRef = 30BB71862A9E418600ADBF01 /* main.swift */; };
		30BB71892A9E41C100ADBF01 /* MainWindowController.swift in Sources */ = {isa = PBXBuildFile; fileRef = 30BB71882A9E41C100ADBF01 /* MainWindowController.swift */; };
		30BB718E2A9E444200ADBF01 /* LoginViewController.swift in Sources */ = {isa = PBXBuildFile; fileRef = 30BB718C2A9E444200ADBF01 /* LoginViewController.swift */; };
		30BB71912A9E45D300ADBF01 /* CommonDefine.swift in Sources */ = {isa = PBXBuildFile; fileRef = 30BB71902A9E45D300ADBF01 /* CommonDefine.swift */; };
		30C508132AAB55D60076E842 /* ImagePreviewWindowController.swift in Sources */ = {isa = PBXBuildFile; fileRef = 30C508122AAB55D60076E842 /* ImagePreviewWindowController.swift */; };
		30D588792B96043200DCE9CB /* SwiftyJSON in Frameworks */ = {isa = PBXBuildFile; productRef = 30D588782B96043200DCE9CB /* SwiftyJSON */; };
		30D5887C2B96044500DCE9CB /* Kingfisher in Frameworks */ = {isa = PBXBuildFile; productRef = 30D5887B2B96044500DCE9CB /* Kingfisher */; };
		30D5887F2B96045500DCE9CB /* FMDB in Frameworks */ = {isa = PBXBuildFile; productRef = 30D5887E2B96045500DCE9CB /* FMDB */; };
		30D588822B96067A00DCE9CB /* Alamofire in Frameworks */ = {isa = PBXBuildFile; productRef = 30D588812B96067A00DCE9CB /* Alamofire */; };
		30D588852B96069600DCE9CB /* SnapKit in Frameworks */ = {isa = PBXBuildFile; productRef = 30D588842B96069600DCE9CB /* SnapKit */; };
		30E27CD72BC967B800C07C5C /* ZigMenuItem.swift in Sources */ = {isa = PBXBuildFile; fileRef = 30E27CD62BC967B800C07C5C /* ZigMenuItem.swift */; };
		30E27CD92BC983F200C07C5C /* ZigFileManager.swift in Sources */ = {isa = PBXBuildFile; fileRef = 30E27CD82BC983F200C07C5C /* ZigFileManager.swift */; };
		30E27CDB2BC98BD100C07C5C /* ZigTextAlertView.swift in Sources */ = {isa = PBXBuildFile; fileRef = 30E27CDA2BC98BD100C07C5C /* ZigTextAlertView.swift */; };
		30E27CDD2BC9970500C07C5C /* ZigMenu.swift in Sources */ = {isa = PBXBuildFile; fileRef = 30E27CDC2BC9970500C07C5C /* ZigMenu.swift */; };
		30E491ED2BC82F29008FEA2D /* ZigFolerEditAlterView.swift in Sources */ = {isa = PBXBuildFile; fileRef = 30E491EC2BC82F29008FEA2D /* ZigFolerEditAlterView.swift */; };
		30E491EF2BC83CA9008FEA2D /* ZigTextField.swift in Sources */ = {isa = PBXBuildFile; fileRef = 30E491EE2BC83CA9008FEA2D /* ZigTextField.swift */; };
		30EFF4772BAD382B00ABD070 /* ZigPreviewHelper.swift in Sources */ = {isa = PBXBuildFile; fileRef = 30EFF4762BAD382B00ABD070 /* ZigPreviewHelper.swift */; };
/* End PBXBuildFile section */

/* Begin PBXFileReference section */
		30008DFA2B86458800F2BE37 /* DownloadListViewController.swift */ = {isa = PBXFileReference; lastKnownFileType = sourcecode.swift; path = DownloadListViewController.swift; sourceTree = "<group>"; };
		300108EC2A9E58F5002FBB52 /* MainViewController.swift */ = {isa = PBXFileReference; lastKnownFileType = sourcecode.swift; path = MainViewController.swift; sourceTree = "<group>"; };
		300108ED2A9E58F5002FBB52 /* MainViewController.xib */ = {isa = PBXFileReference; lastKnownFileType = file.xib; path = MainViewController.xib; sourceTree = "<group>"; };
		300489392AA6398D0099450D /* Info.plist */ = {isa = PBXFileReference; lastKnownFileType = text.plist; path = Info.plist; sourceTree = "<group>"; };
		3013B9242AB75D3200DD2F63 /* Extensions.swift */ = {isa = PBXFileReference; lastKnownFileType = sourcecode.swift; path = Extensions.swift; sourceTree = "<group>"; };
		3024970A2AA77E2600E2AD24 /* DownloadRowView.swift */ = {isa = PBXFileReference; lastKnownFileType = sourcecode.swift; path = DownloadRowView.swift; sourceTree = "<group>"; };
		3024970C2AA7889F00E2AD24 /* Utils.swift */ = {isa = PBXFileReference; lastKnownFileType = sourcecode.swift; path = Utils.swift; sourceTree = "<group>"; };
		302830D82ADBDAEA00A3A549 /* ZigUserManager.swift */ = {isa = PBXFileReference; lastKnownFileType = sourcecode.swift; path = ZigUserManager.swift; sourceTree = "<group>"; };
		3036F4512B39A0EB00F365E4 /* FileListViewController.swift */ = {isa = PBXFileReference; lastKnownFileType = sourcecode.swift; path = FileListViewController.swift; sourceTree = "<group>"; };
		3036F4532B3B1C6900F365E4 /* SidePanelView.swift */ = {isa = PBXFileReference; lastKnownFileType = sourcecode.swift; path = SidePanelView.swift; sourceTree = "<group>"; };
		305EA5D32BCA6D22007D70FE /* ZigBaseAlertView.swift */ = {isa = PBXFileReference; lastKnownFileType = sourcecode.swift; path = ZigBaseAlertView.swift; sourceTree = "<group>"; };
		3065E2D42BA5D1B300A3114F /* SearchView.swift */ = {isa = PBXFileReference; lastKnownFileType = sourcecode.swift; path = SearchView.swift; sourceTree = "<group>"; };
		3065E34B2BA72B2100A3114F /* Tiercel */ = {isa = PBXFileReference; lastKnownFileType = wrapper; path = Tiercel; sourceTree = "<group>"; };
		3065E3502BA7315700A3114F /* ZigDownloadManager.swift */ = {isa = PBXFileReference; lastKnownFileType = sourcecode.swift; path = ZigDownloadManager.swift; sourceTree = "<group>"; };
		3065E3522BA73A8300A3114F /* ZigBookmark.swift */ = {isa = PBXFileReference; lastKnownFileType = sourcecode.swift; path = ZigBookmark.swift; sourceTree = "<group>"; };
		306954DF2ABB39910059901F /* AlertWindow.swift */ = {isa = PBXFileReference; lastKnownFileType = sourcecode.swift; path = AlertWindow.swift; sourceTree = "<group>"; };
		306954E22ABB3AC70059901F /* ZigLabel.swift */ = {isa = PBXFileReference; lastKnownFileType = sourcecode.swift; path = ZigLabel.swift; sourceTree = "<group>"; };
		306EE5AE2AA0E3EB00428E82 /* FileRowView.swift */ = {isa = PBXFileReference; lastKnownFileType = sourcecode.swift; path = FileRowView.swift; sourceTree = "<group>"; };
		306EE5B02AA0FF2900428E82 /* UsageView.swift */ = {isa = PBXFileReference; lastKnownFileType = sourcecode.swift; path = UsageView.swift; sourceTree = "<group>"; };
		308429CF2AAC7AC70086AB2E /* ImagePreviewController.swift */ = {isa = PBXFileReference; lastKnownFileType = sourcecode.swift; path = ImagePreviewController.swift; sourceTree = "<group>"; };
		309AFD202AA4273B005F50C9 /* FilePathView.swift */ = {isa = PBXFileReference; lastKnownFileType = sourcecode.swift; path = FilePathView.swift; sourceTree = "<group>"; };
		309AFD242AA49B6C005F50C9 /* TabItemView.swift */ = {isa = PBXFileReference; lastKnownFileType = sourcecode.swift; path = TabItemView.swift; sourceTree = "<group>"; };
		309AFD262AA4DD88005F50C9 /* CategoryRowView.swift */ = {isa = PBXFileReference; lastKnownFileType = sourcecode.swift; path = CategoryRowView.swift; sourceTree = "<group>"; };
		30ABAA222B3489F70098DC23 /* WebRequest.swift */ = {isa = PBXFileReference; lastKnownFileType = sourcecode.swift; path = WebRequest.swift; sourceTree = "<group>"; };
		30ABAA272B34934C0098DC23 /* ZigClientManager.swift */ = {isa = PBXFileReference; lastKnownFileType = sourcecode.swift; path = ZigClientManager.swift; sourceTree = "<group>"; };
		30AC005E2BD6B6D200E8E6E7 /* UploadTask.swift */ = {isa = PBXFileReference; lastKnownFileType = sourcecode.swift; path = UploadTask.swift; sourceTree = "<group>"; };
		30AC00602BD6B7E600E8E6E7 /* UploadManager.swift */ = {isa = PBXFileReference; lastKnownFileType = sourcecode.swift; path = UploadManager.swift; sourceTree = "<group>"; };
		30B7E92D2BB0584300870ABA /* SubSidePanelView.swift */ = {isa = PBXFileReference; lastKnownFileType = sourcecode.swift; path = SubSidePanelView.swift; sourceTree = "<group>"; };
		30B7E92F2BB0596700870ABA /* SubSidePanelItemRowView.swift */ = {isa = PBXFileReference; lastKnownFileType = sourcecode.swift; path = SubSidePanelItemRowView.swift; sourceTree = "<group>"; };
		30B7E9312BB06C3A00870ABA /* ResourceListViewController.swift */ = {isa = PBXFileReference; lastKnownFileType = sourcecode.swift; path = ResourceListViewController.swift; sourceTree = "<group>"; };
		30B883382B3DDE5B00794B57 /* Const.swift */ = {isa = PBXFileReference; lastKnownFileType = sourcecode.swift; path = Const.swift; sourceTree = "<group>"; };
		30BB71742A9E414B00ADBF01 /* ABCloud.app */ = {isa = PBXFileReference; explicitFileType = wrapper.application; includeInIndex = 0; path = ABCloud.app; sourceTree = BUILT_PRODUCTS_DIR; };
		30BB71772A9E414B00ADBF01 /* AppDelegate.swift */ = {isa = PBXFileReference; lastKnownFileType = sourcecode.swift; path = AppDelegate.swift; sourceTree = "<group>"; };
		30BB717B2A9E414C00ADBF01 /* Assets.xcassets */ = {isa = PBXFileReference; lastKnownFileType = folder.assetcatalog; path = Assets.xcassets; sourceTree = "<group>"; };
		30BB71802A9E414C00ADBF01 /* netdisk.entitlements */ = {isa = PBXFileReference; lastKnownFileType = text.plist.entitlements; path = netdisk.entitlements; sourceTree = "<group>"; };
		30BB71862A9E418600ADBF01 /* main.swift */ = {isa = PBXFileReference; lastKnownFileType = sourcecode.swift; path = main.swift; sourceTree = "<group>"; };
		30BB71882A9E41C100ADBF01 /* MainWindowController.swift */ = {isa = PBXFileReference; lastKnownFileType = sourcecode.swift; path = MainWindowController.swift; sourceTree = "<group>"; };
		30BB718C2A9E444200ADBF01 /* LoginViewController.swift */ = {isa = PBXFileReference; lastKnownFileType = sourcecode.swift; path = LoginViewController.swift; sourceTree = "<group>"; };
		30BB71902A9E45D300ADBF01 /* CommonDefine.swift */ = {isa = PBXFileReference; lastKnownFileType = sourcecode.swift; path = CommonDefine.swift; sourceTree = "<group>"; };
		30C508122AAB55D60076E842 /* ImagePreviewWindowController.swift */ = {isa = PBXFileReference; lastKnownFileType = sourcecode.swift; path = ImagePreviewWindowController.swift; sourceTree = "<group>"; };
		30CE8BEF2BA9EDDB007D6052 /* LXGWWenKaiMono-Regular.ttf */ = {isa = PBXFileReference; lastKnownFileType = file; path = "LXGWWenKaiMono-Regular.ttf"; sourceTree = "<group>"; };
		30CE8BF02BA9EDDC007D6052 /* LXGWWenKaiMono-Bold.ttf */ = {isa = PBXFileReference; lastKnownFileType = file; path = "LXGWWenKaiMono-Bold.ttf"; sourceTree = "<group>"; };
		30CE8BF12BA9EDDC007D6052 /* LXGWWenKaiMono-Light.ttf */ = {isa = PBXFileReference; lastKnownFileType = file; path = "LXGWWenKaiMono-Light.ttf"; sourceTree = "<group>"; };
		30E27CD62BC967B800C07C5C /* ZigMenuItem.swift */ = {isa = PBXFileReference; lastKnownFileType = sourcecode.swift; path = ZigMenuItem.swift; sourceTree = "<group>"; };
		30E27CD82BC983F200C07C5C /* ZigFileManager.swift */ = {isa = PBXFileReference; lastKnownFileType = sourcecode.swift; path = ZigFileManager.swift; sourceTree = "<group>"; };
		30E27CDA2BC98BD100C07C5C /* ZigTextAlertView.swift */ = {isa = PBXFileReference; lastKnownFileType = sourcecode.swift; path = ZigTextAlertView.swift; sourceTree = "<group>"; };
		30E27CDC2BC9970500C07C5C /* ZigMenu.swift */ = {isa = PBXFileReference; lastKnownFileType = sourcecode.swift; path = ZigMenu.swift; sourceTree = "<group>"; };
		30E491EC2BC82F29008FEA2D /* ZigFolerEditAlterView.swift */ = {isa = PBXFileReference; lastKnownFileType = sourcecode.swift; path = ZigFolerEditAlterView.swift; sourceTree = "<group>"; };
		30E491EE2BC83CA9008FEA2D /* ZigTextField.swift */ = {isa = PBXFileReference; lastKnownFileType = sourcecode.swift; path = ZigTextField.swift; sourceTree = "<group>"; };
		30EFF4762BAD382B00ABD070 /* ZigPreviewHelper.swift */ = {isa = PBXFileReference; lastKnownFileType = sourcecode.swift; path = ZigPreviewHelper.swift; sourceTree = "<group>"; };
/* End PBXFileReference section */

/* Begin PBXFrameworksBuildPhase section */
		30BB71712A9E414B00ADBF01 /* Frameworks */ = {
			isa = PBXFrameworksBuildPhase;
			buildActionMask = 2147483647;
			files = (
				30D588792B96043200DCE9CB /* SwiftyJSON in Frameworks */,
				30D588822B96067A00DCE9CB /* Alamofire in Frameworks */,
				30D588852B96069600DCE9CB /* SnapKit in Frameworks */,
				3065E34F2BA72BEB00A3114F /* Tiercel in Frameworks */,
				30D5887C2B96044500DCE9CB /* Kingfisher in Frameworks */,
				30D5887F2B96045500DCE9CB /* FMDB in Frameworks */,
			);
			runOnlyForDeploymentPostprocessing = 0;
		};
/* End PBXFrameworksBuildPhase section */

/* Begin PBXGroup section */
		306954E12ABB3AA90059901F /* UIKit */ = {
			isa = PBXGroup;
			children = (
				306954E22ABB3AC70059901F /* ZigLabel.swift */,
			);
			path = UIKit;
			sourceTree = "<group>";
		};
		30BB716B2A9E414B00ADBF01 = {
			isa = PBXGroup;
			children = (
				30BB71762A9E414B00ADBF01 /* netdisk */,
				30BB71752A9E414B00ADBF01 /* Products */,
			);
			sourceTree = "<group>";
		};
		30BB71752A9E414B00ADBF01 /* Products */ = {
			isa = PBXGroup;
			children = (
				30BB71742A9E414B00ADBF01 /* ABCloud.app */,
			);
			name = Products;
			sourceTree = "<group>";
		};
		30BB71762A9E414B00ADBF01 /* netdisk */ = {
			isa = PBXGroup;
			children = (
				30CE8BE92BA9ED82007D6052 /* Resources */,
				3065E34B2BA72B2100A3114F /* Tiercel */,
				306954E12ABB3AA90059901F /* UIKit */,
				300489392AA6398D0099450D /* Info.plist */,
				30BB71862A9E418600ADBF01 /* main.swift */,
				30BB71772A9E414B00ADBF01 /* AppDelegate.swift */,
				30BB71802A9E414C00ADBF01 /* netdisk.entitlements */,
				30B883382B3DDE5B00794B57 /* Const.swift */,
				3065E2D42BA5D1B300A3114F /* SearchView.swift */,
				30BB71882A9E41C100ADBF01 /* MainWindowController.swift */,
				3036F4532B3B1C6900F365E4 /* SidePanelView.swift */,
				30B7E92D2BB0584300870ABA /* SubSidePanelView.swift */,
				30B7E92F2BB0596700870ABA /* SubSidePanelItemRowView.swift */,
				30BB718C2A9E444200ADBF01 /* LoginViewController.swift */,
				300108EC2A9E58F5002FBB52 /* MainViewController.swift */,
				3036F4512B39A0EB00F365E4 /* FileListViewController.swift */,
				30B7E9312BB06C3A00870ABA /* ResourceListViewController.swift */,
				30008DFA2B86458800F2BE37 /* DownloadListViewController.swift */,
				300108ED2A9E58F5002FBB52 /* MainViewController.xib */,
				30BB71902A9E45D300ADBF01 /* CommonDefine.swift */,
				306EE5AE2AA0E3EB00428E82 /* FileRowView.swift */,
				306EE5B02AA0FF2900428E82 /* UsageView.swift */,
				309AFD202AA4273B005F50C9 /* FilePathView.swift */,
				309AFD242AA49B6C005F50C9 /* TabItemView.swift */,
				309AFD262AA4DD88005F50C9 /* CategoryRowView.swift */,
				3024970A2AA77E2600E2AD24 /* DownloadRowView.swift */,
				3024970C2AA7889F00E2AD24 /* Utils.swift */,
				30C508122AAB55D60076E842 /* ImagePreviewWindowController.swift */,
				308429CF2AAC7AC70086AB2E /* ImagePreviewController.swift */,
				3013B9242AB75D3200DD2F63 /* Extensions.swift */,
				306954DF2ABB39910059901F /* AlertWindow.swift */,
				302830D82ADBDAEA00A3A549 /* ZigUserManager.swift */,
				30ABAA222B3489F70098DC23 /* WebRequest.swift */,
				30ABAA272B34934C0098DC23 /* ZigClientManager.swift */,
				3065E3502BA7315700A3114F /* ZigDownloadManager.swift */,
				3065E3522BA73A8300A3114F /* ZigBookmark.swift */,
				30EFF4762BAD382B00ABD070 /* ZigPreviewHelper.swift */,
				30E491EC2BC82F29008FEA2D /* ZigFolerEditAlterView.swift */,
				30E27CDA2BC98BD100C07C5C /* ZigTextAlertView.swift */,
				30E491EE2BC83CA9008FEA2D /* ZigTextField.swift */,
				30E27CD62BC967B800C07C5C /* ZigMenuItem.swift */,
				30E27CD82BC983F200C07C5C /* ZigFileManager.swift */,
				30E27CDC2BC9970500C07C5C /* ZigMenu.swift */,
				305EA5D32BCA6D22007D70FE /* ZigBaseAlertView.swift */,
				30AC005E2BD6B6D200E8E6E7 /* UploadTask.swift */,
				30AC00602BD6B7E600E8E6E7 /* UploadManager.swift */,
			);
			path = netdisk;
			sourceTree = "<group>";
		};
		30CE8BE92BA9ED82007D6052 /* Resources */ = {
			isa = PBXGroup;
			children = (
				30CE8BEA2BA9ED91007D6052 /* Fonts */,
				30BB717B2A9E414C00ADBF01 /* Assets.xcassets */,
			);
			path = Resources;
			sourceTree = "<group>";
		};
		30CE8BEA2BA9ED91007D6052 /* Fonts */ = {
			isa = PBXGroup;
			children = (
				30CE8BF02BA9EDDC007D6052 /* LXGWWenKaiMono-Bold.ttf */,
				30CE8BF12BA9EDDC007D6052 /* LXGWWenKaiMono-Light.ttf */,
				30CE8BEF2BA9EDDB007D6052 /* LXGWWenKaiMono-Regular.ttf */,
			);
			path = Fonts;
			sourceTree = "<group>";
		};
/* End PBXGroup section */

/* Begin PBXNativeTarget section */
		30BB71732A9E414B00ADBF01 /* ABCloud */ = {
			isa = PBXNativeTarget;
			buildConfigurationList = 30BB71832A9E414C00ADBF01 /* Build configuration list for PBXNativeTarget "ABCloud" */;
			buildPhases = (
				30BB71702A9E414B00ADBF01 /* Sources */,
				30BB71712A9E414B00ADBF01 /* Frameworks */,
				30BB71722A9E414B00ADBF01 /* Resources */,
			);
			buildRules = (
			);
			dependencies = (
			);
			name = ABCloud;
			packageProductDependencies = (
				30D588782B96043200DCE9CB /* SwiftyJSON */,
				30D5887B2B96044500DCE9CB /* Kingfisher */,
				30D5887E2B96045500DCE9CB /* FMDB */,
				30D588812B96067A00DCE9CB /* Alamofire */,
				30D588842B96069600DCE9CB /* SnapKit */,
				3065E34E2BA72BEB00A3114F /* Tiercel */,
			);
			productName = netdisk;
			productReference = 30BB71742A9E414B00ADBF01 /* ABCloud.app */;
			productType = "com.apple.product-type.application";
		};
/* End PBXNativeTarget section */

/* Begin PBXProject section */
		30BB716C2A9E414B00ADBF01 /* Project object */ = {
			isa = PBXProject;
			attributes = {
				BuildIndependentTargetsInParallel = 1;
				LastSwiftUpdateCheck = 1430;
				LastUpgradeCheck = 1530;
				TargetAttributes = {
					30BB71732A9E414B00ADBF01 = {
						CreatedOnToolsVersion = 14.3.1;
					};
				};
			};
			buildConfigurationList = 30BB716F2A9E414B00ADBF01 /* Build configuration list for PBXProject "netdisk" */;
			compatibilityVersion = "Xcode 14.0";
			developmentRegion = en;
			hasScannedForEncodings = 0;
			knownRegions = (
				en,
				Base,
			);
			mainGroup = 30BB716B2A9E414B00ADBF01;
			packageReferences = (
				30D588772B96043200DCE9CB /* XCRemoteSwiftPackageReference "SwiftyJSON" */,
				30D5887A2B96044500DCE9CB /* XCRemoteSwiftPackageReference "Kingfisher" */,
				30D5887D2B96045500DCE9CB /* XCRemoteSwiftPackageReference "fmdb" */,
				30D588802B96067A00DCE9CB /* XCRemoteSwiftPackageReference "Alamofire" */,
				30D588832B96069600DCE9CB /* XCRemoteSwiftPackageReference "SnapKit" */,
				3065E34D2BA72BEB00A3114F /* XCLocalSwiftPackageReference "netdisk/Tiercel" */,
			);
			productRefGroup = 30BB71752A9E414B00ADBF01 /* Products */;
			projectDirPath = "";
			projectRoot = "";
			targets = (
				30BB71732A9E414B00ADBF01 /* ABCloud */,
			);
		};
/* End PBXProject section */

/* Begin PBXResourcesBuildPhase section */
		30BB71722A9E414B00ADBF01 /* Resources */ = {
			isa = PBXResourcesBuildPhase;
			buildActionMask = 2147483647;
			files = (
				3065E34C2BA72B2100A3114F /* Tiercel in Resources */,
				30BB717C2A9E414C00ADBF01 /* Assets.xcassets in Resources */,
				300108EF2A9E58F5002FBB52 /* MainViewController.xib in Resources */,
			);
			runOnlyForDeploymentPostprocessing = 0;
		};
/* End PBXResourcesBuildPhase section */

/* Begin PBXSourcesBuildPhase section */
		30BB71702A9E414B00ADBF01 /* Sources */ = {
			isa = PBXSourcesBuildPhase;
			buildActionMask = 2147483647;
			files = (
				309AFD252AA49B6C005F50C9 /* TabItemView.swift in Sources */,
				30AC00612BD6B7E600E8E6E7 /* UploadManager.swift in Sources */,
				30ABAA282B34934C0098DC23 /* ZigClientManager.swift in Sources */,
				30E491EF2BC83CA9008FEA2D /* ZigTextField.swift in Sources */,
				30B7E9302BB0596700870ABA /* SubSidePanelItemRowView.swift in Sources */,
				3036F4522B39A0EB00F365E4 /* FileListViewController.swift in Sources */,
				30ABAA232B3489F70098DC23 /* WebRequest.swift in Sources */,
				30BB718E2A9E444200ADBF01 /* LoginViewController.swift in Sources */,
				30BB71782A9E414B00ADBF01 /* AppDelegate.swift in Sources */,
				3024970D2AA7889F00E2AD24 /* Utils.swift in Sources */,
				306954E02ABB39910059901F /* AlertWindow.swift in Sources */,
				3065E2D52BA5D1B300A3114F /* SearchView.swift in Sources */,
				309AFD212AA4273B005F50C9 /* FilePathView.swift in Sources */,
				306954E32ABB3AC70059901F /* ZigLabel.swift in Sources */,
				30B883392B3DDE5B00794B57 /* Const.swift in Sources */,
				306EE5B12AA0FF2900428E82 /* UsageView.swift in Sources */,
				3013B9252AB75D3200DD2F63 /* Extensions.swift in Sources */,
				30BB71892A9E41C100ADBF01 /* MainWindowController.swift in Sources */,
				308429D02AAC7AC70086AB2E /* ImagePreviewController.swift in Sources */,
				305EA5D42BCA6D22007D70FE /* ZigBaseAlertView.swift in Sources */,
				30008DFB2B86458800F2BE37 /* DownloadListViewController.swift in Sources */,
				300108EE2A9E58F5002FBB52 /* MainViewController.swift in Sources */,
				30E491ED2BC82F29008FEA2D /* ZigFolerEditAlterView.swift in Sources */,
				30C508132AAB55D60076E842 /* ImagePreviewWindowController.swift in Sources */,
				30BB71912A9E45D300ADBF01 /* CommonDefine.swift in Sources */,
				30E27CD72BC967B800C07C5C /* ZigMenuItem.swift in Sources */,
				3065E3532BA73A8300A3114F /* ZigBookmark.swift in Sources */,
				30E27CDD2BC9970500C07C5C /* ZigMenu.swift in Sources */,
				30E27CDB2BC98BD100C07C5C /* ZigTextAlertView.swift in Sources */,
				30E27CD92BC983F200C07C5C /* ZigFileManager.swift in Sources */,
				3065E3512BA7315700A3114F /* ZigDownloadManager.swift in Sources */,
				30BB71872A9E418600ADBF01 /* main.swift in Sources */,
				309AFD272AA4DD88005F50C9 /* CategoryRowView.swift in Sources */,
				30EFF4772BAD382B00ABD070 /* ZigPreviewHelper.swift in Sources */,
				3024970B2AA77E2600E2AD24 /* DownloadRowView.swift in Sources */,
				302830D92ADBDAEA00A3A549 /* ZigUserManager.swift in Sources */,
				30AC005F2BD6B6D200E8E6E7 /* UploadTask.swift in Sources */,
				30B7E9322BB06C3A00870ABA /* ResourceListViewController.swift in Sources */,
				30B7E92E2BB0584300870ABA /* SubSidePanelView.swift in Sources */,
				306EE5AF2AA0E3EB00428E82 /* FileRowView.swift in Sources */,
				3036F4542B3B1C6900F365E4 /* SidePanelView.swift in Sources */,
			);
			runOnlyForDeploymentPostprocessing = 0;
		};
/* End PBXSourcesBuildPhase section */

/* Begin XCBuildConfiguration section */
		30BB71812A9E414C00ADBF01 /* Debug */ = {
			isa = XCBuildConfiguration;
			buildSettings = {
				ALWAYS_SEARCH_USER_PATHS = NO;
				ASSETCATALOG_COMPILER_GENERATE_SWIFT_ASSET_SYMBOL_EXTENSIONS = YES;
				CLANG_ANALYZER_NONNULL = YES;
				CLANG_ANALYZER_NUMBER_OBJECT_CONVERSION = YES_AGGRESSIVE;
				CLANG_CXX_LANGUAGE_STANDARD = "gnu++20";
				CLANG_ENABLE_MODULES = YES;
				CLANG_ENABLE_OBJC_ARC = YES;
				CLANG_ENABLE_OBJC_WEAK = YES;
				CLANG_WARN_BLOCK_CAPTURE_AUTORELEASING = YES;
				CLANG_WARN_BOOL_CONVERSION = YES;
				CLANG_WARN_COMMA = YES;
				CLANG_WARN_CONSTANT_CONVERSION = YES;
				CLANG_WARN_DEPRECATED_OBJC_IMPLEMENTATIONS = YES;
				CLANG_WARN_DIRECT_OBJC_ISA_USAGE = YES_ERROR;
				CLANG_WARN_DOCUMENTATION_COMMENTS = YES;
				CLANG_WARN_EMPTY_BODY = YES;
				CLANG_WARN_ENUM_CONVERSION = YES;
				CLANG_WARN_INFINITE_RECURSION = YES;
				CLANG_WARN_INT_CONVERSION = YES;
				CLANG_WARN_NON_LITERAL_NULL_CONVERSION = YES;
				CLANG_WARN_OBJC_IMPLICIT_RETAIN_SELF = YES;
				CLANG_WARN_OBJC_LITERAL_CONVERSION = YES;
				CLANG_WARN_OBJC_ROOT_CLASS = YES_ERROR;
				CLANG_WARN_QUOTED_INCLUDE_IN_FRAMEWORK_HEADER = YES;
				CLANG_WARN_RANGE_LOOP_ANALYSIS = YES;
				CLANG_WARN_STRICT_PROTOTYPES = YES;
				CLANG_WARN_SUSPICIOUS_MOVE = YES;
				CLANG_WARN_UNGUARDED_AVAILABILITY = YES_AGGRESSIVE;
				CLANG_WARN_UNREACHABLE_CODE = YES;
				CLANG_WARN__DUPLICATE_METHOD_MATCH = YES;
				COPY_PHASE_STRIP = NO;
				DEAD_CODE_STRIPPING = YES;
				DEBUG_INFORMATION_FORMAT = dwarf;
				ENABLE_STRICT_OBJC_MSGSEND = YES;
				ENABLE_TESTABILITY = YES;
				ENABLE_USER_SCRIPT_SANDBOXING = YES;
				GCC_C_LANGUAGE_STANDARD = gnu11;
				GCC_DYNAMIC_NO_PIC = NO;
				GCC_NO_COMMON_BLOCKS = YES;
				GCC_OPTIMIZATION_LEVEL = 0;
				GCC_PREPROCESSOR_DEFINITIONS = (
					"DEBUG=1",
					"$(inherited)",
				);
				GCC_WARN_64_TO_32_BIT_CONVERSION = YES;
				GCC_WARN_ABOUT_RETURN_TYPE = YES_ERROR;
				GCC_WARN_UNDECLARED_SELECTOR = YES;
				GCC_WARN_UNINITIALIZED_AUTOS = YES_AGGRESSIVE;
				GCC_WARN_UNUSED_FUNCTION = YES;
				GCC_WARN_UNUSED_VARIABLE = YES;
				MACOSX_DEPLOYMENT_TARGET = 13.3;
				MTL_ENABLE_DEBUG_INFO = INCLUDE_SOURCE;
				MTL_FAST_MATH = YES;
				ONLY_ACTIVE_ARCH = YES;
				SDKROOT = macosx;
				SWIFT_ACTIVE_COMPILATION_CONDITIONS = DEBUG;
				SWIFT_OPTIMIZATION_LEVEL = "-Onone";
			};
			name = Debug;
		};
		30BB71822A9E414C00ADBF01 /* Release */ = {
			isa = XCBuildConfiguration;
			buildSettings = {
				ALWAYS_SEARCH_USER_PATHS = NO;
				ASSETCATALOG_COMPILER_GENERATE_SWIFT_ASSET_SYMBOL_EXTENSIONS = YES;
				CLANG_ANALYZER_NONNULL = YES;
				CLANG_ANALYZER_NUMBER_OBJECT_CONVERSION = YES_AGGRESSIVE;
				CLANG_CXX_LANGUAGE_STANDARD = "gnu++20";
				CLANG_ENABLE_MODULES = YES;
				CLANG_ENABLE_OBJC_ARC = YES;
				CLANG_ENABLE_OBJC_WEAK = YES;
				CLANG_WARN_BLOCK_CAPTURE_AUTORELEASING = YES;
				CLANG_WARN_BOOL_CONVERSION = YES;
				CLANG_WARN_COMMA = YES;
				CLANG_WARN_CONSTANT_CONVERSION = YES;
				CLANG_WARN_DEPRECATED_OBJC_IMPLEMENTATIONS = YES;
				CLANG_WARN_DIRECT_OBJC_ISA_USAGE = YES_ERROR;
				CLANG_WARN_DOCUMENTATION_COMMENTS = YES;
				CLANG_WARN_EMPTY_BODY = YES;
				CLANG_WARN_ENUM_CONVERSION = YES;
				CLANG_WARN_INFINITE_RECURSION = YES;
				CLANG_WARN_INT_CONVERSION = YES;
				CLANG_WARN_NON_LITERAL_NULL_CONVERSION = YES;
				CLANG_WARN_OBJC_IMPLICIT_RETAIN_SELF = YES;
				CLANG_WARN_OBJC_LITERAL_CONVERSION = YES;
				CLANG_WARN_OBJC_ROOT_CLASS = YES_ERROR;
				CLANG_WARN_QUOTED_INCLUDE_IN_FRAMEWORK_HEADER = YES;
				CLANG_WARN_RANGE_LOOP_ANALYSIS = YES;
				CLANG_WARN_STRICT_PROTOTYPES = YES;
				CLANG_WARN_SUSPICIOUS_MOVE = YES;
				CLANG_WARN_UNGUARDED_AVAILABILITY = YES_AGGRESSIVE;
				CLANG_WARN_UNREACHABLE_CODE = YES;
				CLANG_WARN__DUPLICATE_METHOD_MATCH = YES;
				COPY_PHASE_STRIP = NO;
				DEAD_CODE_STRIPPING = YES;
				DEBUG_INFORMATION_FORMAT = "dwarf-with-dsym";
				ENABLE_NS_ASSERTIONS = NO;
				ENABLE_STRICT_OBJC_MSGSEND = YES;
				ENABLE_USER_SCRIPT_SANDBOXING = YES;
				GCC_C_LANGUAGE_STANDARD = gnu11;
				GCC_NO_COMMON_BLOCKS = YES;
				GCC_WARN_64_TO_32_BIT_CONVERSION = YES;
				GCC_WARN_ABOUT_RETURN_TYPE = YES_ERROR;
				GCC_WARN_UNDECLARED_SELECTOR = YES;
				GCC_WARN_UNINITIALIZED_AUTOS = YES_AGGRESSIVE;
				GCC_WARN_UNUSED_FUNCTION = YES;
				GCC_WARN_UNUSED_VARIABLE = YES;
				MACOSX_DEPLOYMENT_TARGET = 13.3;
				MTL_ENABLE_DEBUG_INFO = NO;
				MTL_FAST_MATH = YES;
				SDKROOT = macosx;
				SWIFT_COMPILATION_MODE = wholemodule;
				SWIFT_OPTIMIZATION_LEVEL = "-O";
			};
			name = Release;
		};
		30BB71842A9E414C00ADBF01 /* Debug */ = {
			isa = XCBuildConfiguration;
			buildSettings = {
				ASSETCATALOG_COMPILER_APPICON_NAME = AppIcon;
				ASSETCATALOG_COMPILER_GLOBAL_ACCENT_COLOR_NAME = AccentColor;
				CODE_SIGN_ENTITLEMENTS = netdisk/netdisk.entitlements;
				CODE_SIGN_STYLE = Automatic;
				COMBINE_HIDPI_IMAGES = YES;
				CURRENT_PROJECT_VERSION = 3;
				DEAD_CODE_STRIPPING = YES;
				DEVELOPMENT_TEAM = V75YC5AZ2H;
				ENABLE_HARDENED_RUNTIME = YES;
				GENERATE_INFOPLIST_FILE = YES;
				INFOPLIST_FILE = netdisk/Info.plist;
				INFOPLIST_KEY_CFBundleDisplayName = "Fox Clolud";
				INFOPLIST_KEY_LSApplicationCategoryType = "public.app-category.utilities";
				INFOPLIST_KEY_NSHumanReadableCopyright = "";
				INFOPLIST_KEY_NSPrincipalClass = NSApplication;
				LD_RUNPATH_SEARCH_PATHS = (
					"$(inherited)",
					"@executable_path/../Frameworks",
				);
				MACOSX_DEPLOYMENT_TARGET = 13.0;
				MARKETING_VERSION = 1.0;
				PRODUCT_BUNDLE_IDENTIFIER = com.thatisawesome.netdisk;
				PRODUCT_NAME = ABCloud;
				SWIFT_EMIT_LOC_STRINGS = YES;
				SWIFT_VERSION = 5.0;
			};
			name = Debug;
		};
		30BB71852A9E414C00ADBF01 /* Release */ = {
			isa = XCBuildConfiguration;
			buildSettings = {
				ASSETCATALOG_COMPILER_APPICON_NAME = AppIcon;
				ASSETCATALOG_COMPILER_GLOBAL_ACCENT_COLOR_NAME = AccentColor;
				CODE_SIGN_ENTITLEMENTS = netdisk/netdisk.entitlements;
				CODE_SIGN_STYLE = Automatic;
				COMBINE_HIDPI_IMAGES = YES;
				CURRENT_PROJECT_VERSION = 3;
				DEAD_CODE_STRIPPING = YES;
				DEVELOPMENT_TEAM = V75YC5AZ2H;
				ENABLE_HARDENED_RUNTIME = YES;
				GENERATE_INFOPLIST_FILE = YES;
				INFOPLIST_FILE = netdisk/Info.plist;
				INFOPLIST_KEY_CFBundleDisplayName = "Fox Clolud";
				INFOPLIST_KEY_LSApplicationCategoryType = "public.app-category.utilities";
				INFOPLIST_KEY_NSHumanReadableCopyright = "";
				INFOPLIST_KEY_NSPrincipalClass = NSApplication;
				LD_RUNPATH_SEARCH_PATHS = (
					"$(inherited)",
					"@executable_path/../Frameworks",
				);
				MACOSX_DEPLOYMENT_TARGET = 13.0;
				MARKETING_VERSION = 1.0;
				PRODUCT_BUNDLE_IDENTIFIER = com.thatisawesome.netdisk;
				PRODUCT_NAME = ABCloud;
				SWIFT_EMIT_LOC_STRINGS = YES;
				SWIFT_VERSION = 5.0;
			};
			name = Release;
		};
/* End XCBuildConfiguration section */

/* Begin XCConfigurationList section */
		30BB716F2A9E414B00ADBF01 /* Build configuration list for PBXProject "netdisk" */ = {
			isa = XCConfigurationList;
			buildConfigurations = (
				30BB71812A9E414C00ADBF01 /* Debug */,
				30BB71822A9E414C00ADBF01 /* Release */,
			);
			defaultConfigurationIsVisible = 0;
			defaultConfigurationName = Release;
		};
		30BB71832A9E414C00ADBF01 /* Build configuration list for PBXNativeTarget "ABCloud" */ = {
			isa = XCConfigurationList;
			buildConfigurations = (
				30BB71842A9E414C00ADBF01 /* Debug */,
				30BB71852A9E414C00ADBF01 /* Release */,
			);
			defaultConfigurationIsVisible = 0;
			defaultConfigurationName = Release;
		};
/* End XCConfigurationList section */

/* Begin XCLocalSwiftPackageReference section */
		3065E34D2BA72BEB00A3114F /* XCLocalSwiftPackageReference "netdisk/Tiercel" */ = {
			isa = XCLocalSwiftPackageReference;
			relativePath = netdisk/Tiercel;
		};
/* End XCLocalSwiftPackageReference section */

/* Begin XCRemoteSwiftPackageReference section */
		30D588772B96043200DCE9CB /* XCRemoteSwiftPackageReference "SwiftyJSON" */ = {
			isa = XCRemoteSwiftPackageReference;
			repositoryURL = "https://github.com/SwiftyJSON/SwiftyJSON.git";
			requirement = {
				kind = upToNextMajorVersion;
				minimumVersion = 5.0.1;
			};
		};
		30D5887A2B96044500DCE9CB /* XCRemoteSwiftPackageReference "Kingfisher" */ = {
			isa = XCRemoteSwiftPackageReference;
			repositoryURL = "https://github.com/onevcat/Kingfisher";
			requirement = {
				kind = upToNextMajorVersion;
				minimumVersion = 7.11.0;
			};
		};
		30D5887D2B96045500DCE9CB /* XCRemoteSwiftPackageReference "fmdb" */ = {
			isa = XCRemoteSwiftPackageReference;
			repositoryURL = "https://github.com/ccgus/fmdb";
			requirement = {
				kind = upToNextMajorVersion;
				minimumVersion = 2.7.9;
			};
		};
		30D588802B96067A00DCE9CB /* XCRemoteSwiftPackageReference "Alamofire" */ = {
			isa = XCRemoteSwiftPackageReference;
			repositoryURL = "https://github.com/Alamofire/Alamofire.git";
			requirement = {
				kind = upToNextMajorVersion;
				minimumVersion = 5.9.0;
			};
		};
		30D588832B96069600DCE9CB /* XCRemoteSwiftPackageReference "SnapKit" */ = {
			isa = XCRemoteSwiftPackageReference;
			repositoryURL = "https://github.com/SnapKit/SnapKit";
			requirement = {
				kind = upToNextMajorVersion;
				minimumVersion = 5.7.1;
			};
		};
/* End XCRemoteSwiftPackageReference section */

/* Begin XCSwiftPackageProductDependency section */
		3065E34E2BA72BEB00A3114F /* Tiercel */ = {
			isa = XCSwiftPackageProductDependency;
			productName = Tiercel;
		};
		30D588782B96043200DCE9CB /* SwiftyJSON */ = {
			isa = XCSwiftPackageProductDependency;
			package = 30D588772B96043200DCE9CB /* XCRemoteSwiftPackageReference "SwiftyJSON" */;
			productName = SwiftyJSON;
		};
		30D5887B2B96044500DCE9CB /* Kingfisher */ = {
			isa = XCSwiftPackageProductDependency;
			package = 30D5887A2B96044500DCE9CB /* XCRemoteSwiftPackageReference "Kingfisher" */;
			productName = Kingfisher;
		};
		30D5887E2B96045500DCE9CB /* FMDB */ = {
			isa = XCSwiftPackageProductDependency;
			package = 30D5887D2B96045500DCE9CB /* XCRemoteSwiftPackageReference "fmdb" */;
			productName = FMDB;
		};
		30D588812B96067A00DCE9CB /* Alamofire */ = {
			isa = XCSwiftPackageProductDependency;
			package = 30D588802B96067A00DCE9CB /* XCRemoteSwiftPackageReference "Alamofire" */;
			productName = Alamofire;
		};
		30D588842B96069600DCE9CB /* SnapKit */ = {
			isa = XCSwiftPackageProductDependency;
			package = 30D588832B96069600DCE9CB /* XCRemoteSwiftPackageReference "SnapKit" */;
			productName = SnapKit;
		};
/* End XCSwiftPackageProductDependency section */
	};
	rootObject = 30BB716C2A9E414B00ADBF01 /* Project object */;
}
