// !$*UTF8*$!
{
	archiveVersion = 1;
	classes = {
	};
	objectVersion = 56;
	objects = {

/* Begin PBXBuildFile section */
		30008DFB2B86458800F2BE37 /* DownloadListViewController.swift in Sources */ = {isa = PBXBuildFile; fileRef = 30008DFA2B86458800F2BE37 /* DownloadListViewController.swift */; };
		300108EE2A9E58F5002FBB52 /* MainViewController.swift in Sources */ = {isa = PBXBuildFile; fileRef = 300108EC2A9E58F5002FBB52 /* MainViewController.swift */; };
		300108EF2A9E58F5002FBB52 /* MainViewController.xib in Resources */ = {isa = PBXBuildFile; fileRef = 300108ED2A9E58F5002FBB52 /* MainViewController.xib */; };
		3006B7F22AAA25EB00686025 /* DownloadOperation.swift in Sources */ = {isa = PBXBuildFile; fileRef = 3006B7F12AAA25EB00686025 /* DownloadOperation.swift */; };
		3006B7F42AAA261A00686025 /* FileDetailOperation.swift in Sources */ = {isa = PBXBuildFile; fileRef = 3006B7F32AAA261A00686025 /* FileDetailOperation.swift */; };
		3013B9252AB75D3200DD2F63 /* Extensions.swift in Sources */ = {isa = PBXBuildFile; fileRef = 3013B9242AB75D3200DD2F63 /* Extensions.swift */; };
		3024970B2AA77E2600E2AD24 /* DownloadRowView.swift in Sources */ = {isa = PBXBuildFile; fileRef = 3024970A2AA77E2600E2AD24 /* DownloadRowView.swift */; };
		3024970D2AA7889F00E2AD24 /* Utils.swift in Sources */ = {isa = PBXBuildFile; fileRef = 3024970C2AA7889F00E2AD24 /* Utils.swift */; };
		302830D92ADBDAEA00A3A549 /* ZHUserManager.swift in Sources */ = {isa = PBXBuildFile; fileRef = 302830D82ADBDAEA00A3A549 /* ZHUserManager.swift */; };
		3036F4522B39A0EB00F365E4 /* FileListViewController.swift in Sources */ = {isa = PBXBuildFile; fileRef = 3036F4512B39A0EB00F365E4 /* FileListViewController.swift */; };
		3036F4542B3B1C6900F365E4 /* SidePanelView.swift in Sources */ = {isa = PBXBuildFile; fileRef = 3036F4532B3B1C6900F365E4 /* SidePanelView.swift */; };
		3048EABD2AC470180080BFE1 /* ZHFileDownloadTask.swift in Sources */ = {isa = PBXBuildFile; fileRef = 3048EABC2AC470180080BFE1 /* ZHFileDownloadTask.swift */; };
		3048EABF2AC476440080BFE1 /* ZHDownloadThreads.swift in Sources */ = {isa = PBXBuildFile; fileRef = 3048EABE2AC476440080BFE1 /* ZHDownloadThreads.swift */; };
		3048EAC12AC4797B0080BFE1 /* ZHFileDownloadOperation.swift in Sources */ = {isa = PBXBuildFile; fileRef = 3048EAC02AC4797B0080BFE1 /* ZHFileDownloadOperation.swift */; };
		3048EAC32AC47BA20080BFE1 /* ZHFileDownloadCache.swift in Sources */ = {isa = PBXBuildFile; fileRef = 3048EAC22AC47BA20080BFE1 /* ZHFileDownloadCache.swift */; };
		306954E02ABB39910059901F /* AlertWindow.swift in Sources */ = {isa = PBXBuildFile; fileRef = 306954DF2ABB39910059901F /* AlertWindow.swift */; };
		306954E32ABB3AC70059901F /* ZHLabel.swift in Sources */ = {isa = PBXBuildFile; fileRef = 306954E22ABB3AC70059901F /* ZHLabel.swift */; };
		306EE5AF2AA0E3EB00428E82 /* FileRowView.swift in Sources */ = {isa = PBXBuildFile; fileRef = 306EE5AE2AA0E3EB00428E82 /* FileRowView.swift */; };
		306EE5B12AA0FF2900428E82 /* UsageView.swift in Sources */ = {isa = PBXBuildFile; fileRef = 306EE5B02AA0FF2900428E82 /* UsageView.swift */; };
		308429D02AAC7AC70086AB2E /* ImagePreviewController.swift in Sources */ = {isa = PBXBuildFile; fileRef = 308429CF2AAC7AC70086AB2E /* ImagePreviewController.swift */; };
		309AFD212AA4273B005F50C9 /* FilePathView.swift in Sources */ = {isa = PBXBuildFile; fileRef = 309AFD202AA4273B005F50C9 /* FilePathView.swift */; };
		309AFD252AA49B6C005F50C9 /* TabItemView.swift in Sources */ = {isa = PBXBuildFile; fileRef = 309AFD242AA49B6C005F50C9 /* TabItemView.swift */; };
		309AFD272AA4DD88005F50C9 /* CategoryRowView.swift in Sources */ = {isa = PBXBuildFile; fileRef = 309AFD262AA4DD88005F50C9 /* CategoryRowView.swift */; };
		30A39DBE2AC320E9007C117C /* ZHFileDownloader.swift in Sources */ = {isa = PBXBuildFile; fileRef = 30A39DBD2AC320E9007C117C /* ZHFileDownloader.swift */; };
		30ABAA232B3489F70098DC23 /* WebRequest.swift in Sources */ = {isa = PBXBuildFile; fileRef = 30ABAA222B3489F70098DC23 /* WebRequest.swift */; };
		30ABAA282B34934C0098DC23 /* ClientManager.swift in Sources */ = {isa = PBXBuildFile; fileRef = 30ABAA272B34934C0098DC23 /* ClientManager.swift */; };
		30B352CB2AA761BA00087EB1 /* DownloadManager.swift in Sources */ = {isa = PBXBuildFile; fileRef = 30B352CA2AA761BA00087EB1 /* DownloadManager.swift */; };
		30B883392B3DDE5B00794B57 /* Const.swift in Sources */ = {isa = PBXBuildFile; fileRef = 30B883382B3DDE5B00794B57 /* Const.swift */; };
		30BB71782A9E414B00ADBF01 /* AppDelegate.swift in Sources */ = {isa = PBXBuildFile; fileRef = 30BB71772A9E414B00ADBF01 /* AppDelegate.swift */; };
		30BB717C2A9E414C00ADBF01 /* Assets.xcassets in Resources */ = {isa = PBXBuildFile; fileRef = 30BB717B2A9E414C00ADBF01 /* Assets.xcassets */; };
		30BB71872A9E418600ADBF01 /* main.swift in Sources */ = {isa = PBXBuildFile; fileRef = 30BB71862A9E418600ADBF01 /* main.swift */; };
		30BB71892A9E41C100ADBF01 /* MainWindowController.swift in Sources */ = {isa = PBXBuildFile; fileRef = 30BB71882A9E41C100ADBF01 /* MainWindowController.swift */; };
		30BB718E2A9E444200ADBF01 /* LoginViewController.swift in Sources */ = {isa = PBXBuildFile; fileRef = 30BB718C2A9E444200ADBF01 /* LoginViewController.swift */; };
		30BB71912A9E45D300ADBF01 /* CommonDefine.swift in Sources */ = {isa = PBXBuildFile; fileRef = 30BB71902A9E45D300ADBF01 /* CommonDefine.swift */; };
		30C508132AAB55D60076E842 /* ImagePreviewWindowController.swift in Sources */ = {isa = PBXBuildFile; fileRef = 30C508122AAB55D60076E842 /* ImagePreviewWindowController.swift */; };
		EBF5B4F6899315C3B7892869 /* Pods_netdisk.framework in Frameworks */ = {isa = PBXBuildFile; fileRef = D3E178B222D859635EFB06D4 /* Pods_netdisk.framework */; };
/* End PBXBuildFile section */

/* Begin PBXFileReference section */
		0603C54326530B2086EA8E61 /* Pods-netdisk.release.xcconfig */ = {isa = PBXFileReference; includeInIndex = 1; lastKnownFileType = text.xcconfig; name = "Pods-netdisk.release.xcconfig"; path = "Target Support Files/Pods-netdisk/Pods-netdisk.release.xcconfig"; sourceTree = "<group>"; };
		30008DFA2B86458800F2BE37 /* DownloadListViewController.swift */ = {isa = PBXFileReference; lastKnownFileType = sourcecode.swift; path = DownloadListViewController.swift; sourceTree = "<group>"; };
		300108EC2A9E58F5002FBB52 /* MainViewController.swift */ = {isa = PBXFileReference; lastKnownFileType = sourcecode.swift; path = MainViewController.swift; sourceTree = "<group>"; };
		300108ED2A9E58F5002FBB52 /* MainViewController.xib */ = {isa = PBXFileReference; lastKnownFileType = file.xib; path = MainViewController.xib; sourceTree = "<group>"; };
		300489392AA6398D0099450D /* Info.plist */ = {isa = PBXFileReference; lastKnownFileType = text.plist; path = Info.plist; sourceTree = "<group>"; };
		3006B7F12AAA25EB00686025 /* DownloadOperation.swift */ = {isa = PBXFileReference; lastKnownFileType = sourcecode.swift; path = DownloadOperation.swift; sourceTree = "<group>"; };
		3006B7F32AAA261A00686025 /* FileDetailOperation.swift */ = {isa = PBXFileReference; lastKnownFileType = sourcecode.swift; path = FileDetailOperation.swift; sourceTree = "<group>"; };
		3013B9242AB75D3200DD2F63 /* Extensions.swift */ = {isa = PBXFileReference; lastKnownFileType = sourcecode.swift; path = Extensions.swift; sourceTree = "<group>"; };
		3024970A2AA77E2600E2AD24 /* DownloadRowView.swift */ = {isa = PBXFileReference; lastKnownFileType = sourcecode.swift; path = DownloadRowView.swift; sourceTree = "<group>"; };
		3024970C2AA7889F00E2AD24 /* Utils.swift */ = {isa = PBXFileReference; lastKnownFileType = sourcecode.swift; path = Utils.swift; sourceTree = "<group>"; };
		302830D82ADBDAEA00A3A549 /* ZHUserManager.swift */ = {isa = PBXFileReference; lastKnownFileType = sourcecode.swift; path = ZHUserManager.swift; sourceTree = "<group>"; };
		3036F4512B39A0EB00F365E4 /* FileListViewController.swift */ = {isa = PBXFileReference; lastKnownFileType = sourcecode.swift; path = FileListViewController.swift; sourceTree = "<group>"; };
		3036F4532B3B1C6900F365E4 /* SidePanelView.swift */ = {isa = PBXFileReference; lastKnownFileType = sourcecode.swift; path = SidePanelView.swift; sourceTree = "<group>"; };
		3048EABC2AC470180080BFE1 /* ZHFileDownloadTask.swift */ = {isa = PBXFileReference; lastKnownFileType = sourcecode.swift; path = ZHFileDownloadTask.swift; sourceTree = "<group>"; };
		3048EABE2AC476440080BFE1 /* ZHDownloadThreads.swift */ = {isa = PBXFileReference; lastKnownFileType = sourcecode.swift; path = ZHDownloadThreads.swift; sourceTree = "<group>"; };
		3048EAC02AC4797B0080BFE1 /* ZHFileDownloadOperation.swift */ = {isa = PBXFileReference; lastKnownFileType = sourcecode.swift; path = ZHFileDownloadOperation.swift; sourceTree = "<group>"; };
		3048EAC22AC47BA20080BFE1 /* ZHFileDownloadCache.swift */ = {isa = PBXFileReference; lastKnownFileType = sourcecode.swift; path = ZHFileDownloadCache.swift; sourceTree = "<group>"; };
		306954DF2ABB39910059901F /* AlertWindow.swift */ = {isa = PBXFileReference; lastKnownFileType = sourcecode.swift; path = AlertWindow.swift; sourceTree = "<group>"; };
		306954E22ABB3AC70059901F /* ZHLabel.swift */ = {isa = PBXFileReference; lastKnownFileType = sourcecode.swift; path = ZHLabel.swift; sourceTree = "<group>"; };
		306EE5AE2AA0E3EB00428E82 /* FileRowView.swift */ = {isa = PBXFileReference; lastKnownFileType = sourcecode.swift; path = FileRowView.swift; sourceTree = "<group>"; };
		306EE5B02AA0FF2900428E82 /* UsageView.swift */ = {isa = PBXFileReference; lastKnownFileType = sourcecode.swift; path = UsageView.swift; sourceTree = "<group>"; };
		308429CF2AAC7AC70086AB2E /* ImagePreviewController.swift */ = {isa = PBXFileReference; lastKnownFileType = sourcecode.swift; path = ImagePreviewController.swift; sourceTree = "<group>"; };
		309AFD202AA4273B005F50C9 /* FilePathView.swift */ = {isa = PBXFileReference; lastKnownFileType = sourcecode.swift; path = FilePathView.swift; sourceTree = "<group>"; };
		309AFD242AA49B6C005F50C9 /* TabItemView.swift */ = {isa = PBXFileReference; lastKnownFileType = sourcecode.swift; path = TabItemView.swift; sourceTree = "<group>"; };
		309AFD262AA4DD88005F50C9 /* CategoryRowView.swift */ = {isa = PBXFileReference; lastKnownFileType = sourcecode.swift; path = CategoryRowView.swift; sourceTree = "<group>"; };
		30A39DBD2AC320E9007C117C /* ZHFileDownloader.swift */ = {isa = PBXFileReference; lastKnownFileType = sourcecode.swift; path = ZHFileDownloader.swift; sourceTree = "<group>"; };
		30ABAA222B3489F70098DC23 /* WebRequest.swift */ = {isa = PBXFileReference; lastKnownFileType = sourcecode.swift; path = WebRequest.swift; sourceTree = "<group>"; };
		30ABAA272B34934C0098DC23 /* ClientManager.swift */ = {isa = PBXFileReference; lastKnownFileType = sourcecode.swift; path = ClientManager.swift; sourceTree = "<group>"; };
		30B352CA2AA761BA00087EB1 /* DownloadManager.swift */ = {isa = PBXFileReference; lastKnownFileType = sourcecode.swift; path = DownloadManager.swift; sourceTree = "<group>"; };
		30B883382B3DDE5B00794B57 /* Const.swift */ = {isa = PBXFileReference; lastKnownFileType = sourcecode.swift; path = Const.swift; sourceTree = "<group>"; };
		30BB71742A9E414B00ADBF01 /* netdisk.app */ = {isa = PBXFileReference; explicitFileType = wrapper.application; includeInIndex = 0; path = netdisk.app; sourceTree = BUILT_PRODUCTS_DIR; };
		30BB71772A9E414B00ADBF01 /* AppDelegate.swift */ = {isa = PBXFileReference; lastKnownFileType = sourcecode.swift; path = AppDelegate.swift; sourceTree = "<group>"; };
		30BB717B2A9E414C00ADBF01 /* Assets.xcassets */ = {isa = PBXFileReference; lastKnownFileType = folder.assetcatalog; path = Assets.xcassets; sourceTree = "<group>"; };
		30BB71802A9E414C00ADBF01 /* netdisk.entitlements */ = {isa = PBXFileReference; lastKnownFileType = text.plist.entitlements; path = netdisk.entitlements; sourceTree = "<group>"; };
		30BB71862A9E418600ADBF01 /* main.swift */ = {isa = PBXFileReference; lastKnownFileType = sourcecode.swift; path = main.swift; sourceTree = "<group>"; };
		30BB71882A9E41C100ADBF01 /* MainWindowController.swift */ = {isa = PBXFileReference; lastKnownFileType = sourcecode.swift; path = MainWindowController.swift; sourceTree = "<group>"; };
		30BB718C2A9E444200ADBF01 /* LoginViewController.swift */ = {isa = PBXFileReference; lastKnownFileType = sourcecode.swift; path = LoginViewController.swift; sourceTree = "<group>"; };
		30BB71902A9E45D300ADBF01 /* CommonDefine.swift */ = {isa = PBXFileReference; lastKnownFileType = sourcecode.swift; path = CommonDefine.swift; sourceTree = "<group>"; };
		30C508122AAB55D60076E842 /* ImagePreviewWindowController.swift */ = {isa = PBXFileReference; lastKnownFileType = sourcecode.swift; path = ImagePreviewWindowController.swift; sourceTree = "<group>"; };
		C6755CED1B76D8C9282268CA /* Pods-netdisk.debug.xcconfig */ = {isa = PBXFileReference; includeInIndex = 1; lastKnownFileType = text.xcconfig; name = "Pods-netdisk.debug.xcconfig"; path = "Target Support Files/Pods-netdisk/Pods-netdisk.debug.xcconfig"; sourceTree = "<group>"; };
		D3E178B222D859635EFB06D4 /* Pods_netdisk.framework */ = {isa = PBXFileReference; explicitFileType = wrapper.framework; includeInIndex = 0; path = Pods_netdisk.framework; sourceTree = BUILT_PRODUCTS_DIR; };
/* End PBXFileReference section */

/* Begin PBXFrameworksBuildPhase section */
		30BB71712A9E414B00ADBF01 /* Frameworks */ = {
			isa = PBXFrameworksBuildPhase;
			buildActionMask = 2147483647;
			files = (
				EBF5B4F6899315C3B7892869 /* Pods_netdisk.framework in Frameworks */,
			);
			runOnlyForDeploymentPostprocessing = 0;
		};
/* End PBXFrameworksBuildPhase section */

/* Begin PBXGroup section */
		1C3E55CEB3E88DC003F5822C /* Pods */ = {
			isa = PBXGroup;
			children = (
				C6755CED1B76D8C9282268CA /* Pods-netdisk.debug.xcconfig */,
				0603C54326530B2086EA8E61 /* Pods-netdisk.release.xcconfig */,
			);
			path = Pods;
			sourceTree = "<group>";
		};
		30008DBF2B863B7800F2BE37 /* Downloader */ = {
			isa = PBXGroup;
			children = (
			);
			path = Downloader;
			sourceTree = "<group>";
		};
		306954E12ABB3AA90059901F /* UIKit */ = {
			isa = PBXGroup;
			children = (
				306954E22ABB3AC70059901F /* ZHLabel.swift */,
			);
			path = UIKit;
			sourceTree = "<group>";
		};
		30BB716B2A9E414B00ADBF01 = {
			isa = PBXGroup;
			children = (
				30BB71762A9E414B00ADBF01 /* netdisk */,
				30BB71752A9E414B00ADBF01 /* Products */,
				1C3E55CEB3E88DC003F5822C /* Pods */,
				DB1DC00A655AF453B72377F9 /* Frameworks */,
			);
			sourceTree = "<group>";
		};
		30BB71752A9E414B00ADBF01 /* Products */ = {
			isa = PBXGroup;
			children = (
				30BB71742A9E414B00ADBF01 /* netdisk.app */,
			);
			name = Products;
			sourceTree = "<group>";
		};
		30BB71762A9E414B00ADBF01 /* netdisk */ = {
			isa = PBXGroup;
			children = (
				30008DBF2B863B7800F2BE37 /* Downloader */,
				306954E12ABB3AA90059901F /* UIKit */,
				300489392AA6398D0099450D /* Info.plist */,
				30BB71862A9E418600ADBF01 /* main.swift */,
				30BB71772A9E414B00ADBF01 /* AppDelegate.swift */,
				30BB717B2A9E414C00ADBF01 /* Assets.xcassets */,
				30BB71802A9E414C00ADBF01 /* netdisk.entitlements */,
				30B883382B3DDE5B00794B57 /* Const.swift */,
				30BB71882A9E41C100ADBF01 /* MainWindowController.swift */,
				3036F4532B3B1C6900F365E4 /* SidePanelView.swift */,
				30BB718C2A9E444200ADBF01 /* LoginViewController.swift */,
				300108EC2A9E58F5002FBB52 /* MainViewController.swift */,
				3036F4512B39A0EB00F365E4 /* FileListViewController.swift */,
				30008DFA2B86458800F2BE37 /* DownloadListViewController.swift */,
				300108ED2A9E58F5002FBB52 /* MainViewController.xib */,
				30BB71902A9E45D300ADBF01 /* CommonDefine.swift */,
				306EE5AE2AA0E3EB00428E82 /* FileRowView.swift */,
				306EE5B02AA0FF2900428E82 /* UsageView.swift */,
				309AFD202AA4273B005F50C9 /* FilePathView.swift */,
				309AFD242AA49B6C005F50C9 /* TabItemView.swift */,
				309AFD262AA4DD88005F50C9 /* CategoryRowView.swift */,
				30B352CA2AA761BA00087EB1 /* DownloadManager.swift */,
				3024970A2AA77E2600E2AD24 /* DownloadRowView.swift */,
				3024970C2AA7889F00E2AD24 /* Utils.swift */,
				3006B7F12AAA25EB00686025 /* DownloadOperation.swift */,
				3006B7F32AAA261A00686025 /* FileDetailOperation.swift */,
				30C508122AAB55D60076E842 /* ImagePreviewWindowController.swift */,
				308429CF2AAC7AC70086AB2E /* ImagePreviewController.swift */,
				3013B9242AB75D3200DD2F63 /* Extensions.swift */,
				306954DF2ABB39910059901F /* AlertWindow.swift */,
				30A39DBD2AC320E9007C117C /* ZHFileDownloader.swift */,
				3048EABC2AC470180080BFE1 /* ZHFileDownloadTask.swift */,
				3048EABE2AC476440080BFE1 /* ZHDownloadThreads.swift */,
				3048EAC02AC4797B0080BFE1 /* ZHFileDownloadOperation.swift */,
				3048EAC22AC47BA20080BFE1 /* ZHFileDownloadCache.swift */,
				302830D82ADBDAEA00A3A549 /* ZHUserManager.swift */,
				30ABAA222B3489F70098DC23 /* WebRequest.swift */,
				30ABAA272B34934C0098DC23 /* ClientManager.swift */,
			);
			path = netdisk;
			sourceTree = "<group>";
		};
		DB1DC00A655AF453B72377F9 /* Frameworks */ = {
			isa = PBXGroup;
			children = (
				D3E178B222D859635EFB06D4 /* Pods_netdisk.framework */,
			);
			name = Frameworks;
			sourceTree = "<group>";
		};
/* End PBXGroup section */

/* Begin PBXNativeTarget section */
		30BB71732A9E414B00ADBF01 /* netdisk */ = {
			isa = PBXNativeTarget;
			buildConfigurationList = 30BB71832A9E414C00ADBF01 /* Build configuration list for PBXNativeTarget "netdisk" */;
			buildPhases = (
				1C2EEF077E3231A797D2F48B /* [CP] Check Pods Manifest.lock */,
				30BB71702A9E414B00ADBF01 /* Sources */,
				30BB71712A9E414B00ADBF01 /* Frameworks */,
				30BB71722A9E414B00ADBF01 /* Resources */,
				013D41909F737C2DAA66B6F7 /* [CP] Embed Pods Frameworks */,
			);
			buildRules = (
			);
			dependencies = (
			);
			name = netdisk;
			packageProductDependencies = (
			);
			productName = netdisk;
			productReference = 30BB71742A9E414B00ADBF01 /* netdisk.app */;
			productType = "com.apple.product-type.application";
		};
/* End PBXNativeTarget section */

/* Begin PBXProject section */
		30BB716C2A9E414B00ADBF01 /* Project object */ = {
			isa = PBXProject;
			attributes = {
				BuildIndependentTargetsInParallel = 1;
				LastSwiftUpdateCheck = 1430;
				LastUpgradeCheck = 1430;
				TargetAttributes = {
					30BB71732A9E414B00ADBF01 = {
						CreatedOnToolsVersion = 14.3.1;
					};
				};
			};
			buildConfigurationList = 30BB716F2A9E414B00ADBF01 /* Build configuration list for PBXProject "netdisk" */;
			compatibilityVersion = "Xcode 14.0";
			developmentRegion = en;
			hasScannedForEncodings = 0;
			knownRegions = (
				en,
				Base,
			);
			mainGroup = 30BB716B2A9E414B00ADBF01;
			packageReferences = (
			);
			productRefGroup = 30BB71752A9E414B00ADBF01 /* Products */;
			projectDirPath = "";
			projectRoot = "";
			targets = (
				30BB71732A9E414B00ADBF01 /* netdisk */,
			);
		};
/* End PBXProject section */

/* Begin PBXResourcesBuildPhase section */
		30BB71722A9E414B00ADBF01 /* Resources */ = {
			isa = PBXResourcesBuildPhase;
			buildActionMask = 2147483647;
			files = (
				30BB717C2A9E414C00ADBF01 /* Assets.xcassets in Resources */,
				300108EF2A9E58F5002FBB52 /* MainViewController.xib in Resources */,
			);
			runOnlyForDeploymentPostprocessing = 0;
		};
/* End PBXResourcesBuildPhase section */

/* Begin PBXShellScriptBuildPhase section */
		013D41909F737C2DAA66B6F7 /* [CP] Embed Pods Frameworks */ = {
			isa = PBXShellScriptBuildPhase;
			buildActionMask = 2147483647;
			files = (
			);
			inputFileListPaths = (
				"${PODS_ROOT}/Target Support Files/Pods-netdisk/Pods-netdisk-frameworks-${CONFIGURATION}-input-files.xcfilelist",
			);
			name = "[CP] Embed Pods Frameworks";
			outputFileListPaths = (
				"${PODS_ROOT}/Target Support Files/Pods-netdisk/Pods-netdisk-frameworks-${CONFIGURATION}-output-files.xcfilelist",
			);
			runOnlyForDeploymentPostprocessing = 0;
			shellPath = /bin/sh;
			shellScript = "\"${PODS_ROOT}/Target Support Files/Pods-netdisk/Pods-netdisk-frameworks.sh\"\n";
			showEnvVarsInLog = 0;
		};
		1C2EEF077E3231A797D2F48B /* [CP] Check Pods Manifest.lock */ = {
			isa = PBXShellScriptBuildPhase;
			buildActionMask = 2147483647;
			files = (
			);
			inputFileListPaths = (
			);
			inputPaths = (
				"${PODS_PODFILE_DIR_PATH}/Podfile.lock",
				"${PODS_ROOT}/Manifest.lock",
			);
			name = "[CP] Check Pods Manifest.lock";
			outputFileListPaths = (
			);
			outputPaths = (
				"$(DERIVED_FILE_DIR)/Pods-netdisk-checkManifestLockResult.txt",
			);
			runOnlyForDeploymentPostprocessing = 0;
			shellPath = /bin/sh;
			shellScript = "diff \"${PODS_PODFILE_DIR_PATH}/Podfile.lock\" \"${PODS_ROOT}/Manifest.lock\" > /dev/null\nif [ $? != 0 ] ; then\n    # print error to STDERR\n    echo \"error: The sandbox is not in sync with the Podfile.lock. Run 'pod install' or update your CocoaPods installation.\" >&2\n    exit 1\nfi\n# This output is used by Xcode 'outputs' to avoid re-running this script phase.\necho \"SUCCESS\" > \"${SCRIPT_OUTPUT_FILE_0}\"\n";
			showEnvVarsInLog = 0;
		};
/* End PBXShellScriptBuildPhase section */

/* Begin PBXSourcesBuildPhase section */
		30BB71702A9E414B00ADBF01 /* Sources */ = {
			isa = PBXSourcesBuildPhase;
			buildActionMask = 2147483647;
			files = (
				309AFD252AA49B6C005F50C9 /* TabItemView.swift in Sources */,
				30ABAA282B34934C0098DC23 /* ClientManager.swift in Sources */,
				3036F4522B39A0EB00F365E4 /* FileListViewController.swift in Sources */,
				3048EAC12AC4797B0080BFE1 /* ZHFileDownloadOperation.swift in Sources */,
				30ABAA232B3489F70098DC23 /* WebRequest.swift in Sources */,
				3048EAC32AC47BA20080BFE1 /* ZHFileDownloadCache.swift in Sources */,
				30BB718E2A9E444200ADBF01 /* LoginViewController.swift in Sources */,
				30BB71782A9E414B00ADBF01 /* AppDelegate.swift in Sources */,
				3024970D2AA7889F00E2AD24 /* Utils.swift in Sources */,
				306954E02ABB39910059901F /* AlertWindow.swift in Sources */,
				309AFD212AA4273B005F50C9 /* FilePathView.swift in Sources */,
				306954E32ABB3AC70059901F /* ZHLabel.swift in Sources */,
				3048EABF2AC476440080BFE1 /* ZHDownloadThreads.swift in Sources */,
				30B883392B3DDE5B00794B57 /* Const.swift in Sources */,
				3006B7F22AAA25EB00686025 /* DownloadOperation.swift in Sources */,
				306EE5B12AA0FF2900428E82 /* UsageView.swift in Sources */,
				3013B9252AB75D3200DD2F63 /* Extensions.swift in Sources */,
				30BB71892A9E41C100ADBF01 /* MainWindowController.swift in Sources */,
				308429D02AAC7AC70086AB2E /* ImagePreviewController.swift in Sources */,
				3006B7F42AAA261A00686025 /* FileDetailOperation.swift in Sources */,
				30008DFB2B86458800F2BE37 /* DownloadListViewController.swift in Sources */,
				300108EE2A9E58F5002FBB52 /* MainViewController.swift in Sources */,
				3048EABD2AC470180080BFE1 /* ZHFileDownloadTask.swift in Sources */,
				30C508132AAB55D60076E842 /* ImagePreviewWindowController.swift in Sources */,
				30B352CB2AA761BA00087EB1 /* DownloadManager.swift in Sources */,
				30BB71912A9E45D300ADBF01 /* CommonDefine.swift in Sources */,
				30BB71872A9E418600ADBF01 /* main.swift in Sources */,
				309AFD272AA4DD88005F50C9 /* CategoryRowView.swift in Sources */,
				3024970B2AA77E2600E2AD24 /* DownloadRowView.swift in Sources */,
				302830D92ADBDAEA00A3A549 /* ZHUserManager.swift in Sources */,
				30A39DBE2AC320E9007C117C /* ZHFileDownloader.swift in Sources */,
				306EE5AF2AA0E3EB00428E82 /* FileRowView.swift in Sources */,
				3036F4542B3B1C6900F365E4 /* SidePanelView.swift in Sources */,
			);
			runOnlyForDeploymentPostprocessing = 0;
		};
/* End PBXSourcesBuildPhase section */

/* Begin XCBuildConfiguration section */
		30BB71812A9E414C00ADBF01 /* Debug */ = {
			isa = XCBuildConfiguration;
			buildSettings = {
				ALWAYS_SEARCH_USER_PATHS = NO;
				CLANG_ANALYZER_NONNULL = YES;
				CLANG_ANALYZER_NUMBER_OBJECT_CONVERSION = YES_AGGRESSIVE;
				CLANG_CXX_LANGUAGE_STANDARD = "gnu++20";
				CLANG_ENABLE_MODULES = YES;
				CLANG_ENABLE_OBJC_ARC = YES;
				CLANG_ENABLE_OBJC_WEAK = YES;
				CLANG_WARN_BLOCK_CAPTURE_AUTORELEASING = YES;
				CLANG_WARN_BOOL_CONVERSION = YES;
				CLANG_WARN_COMMA = YES;
				CLANG_WARN_CONSTANT_CONVERSION = YES;
				CLANG_WARN_DEPRECATED_OBJC_IMPLEMENTATIONS = YES;
				CLANG_WARN_DIRECT_OBJC_ISA_USAGE = YES_ERROR;
				CLANG_WARN_DOCUMENTATION_COMMENTS = YES;
				CLANG_WARN_EMPTY_BODY = YES;
				CLANG_WARN_ENUM_CONVERSION = YES;
				CLANG_WARN_INFINITE_RECURSION = YES;
				CLANG_WARN_INT_CONVERSION = YES;
				CLANG_WARN_NON_LITERAL_NULL_CONVERSION = YES;
				CLANG_WARN_OBJC_IMPLICIT_RETAIN_SELF = YES;
				CLANG_WARN_OBJC_LITERAL_CONVERSION = YES;
				CLANG_WARN_OBJC_ROOT_CLASS = YES_ERROR;
				CLANG_WARN_QUOTED_INCLUDE_IN_FRAMEWORK_HEADER = YES;
				CLANG_WARN_RANGE_LOOP_ANALYSIS = YES;
				CLANG_WARN_STRICT_PROTOTYPES = YES;
				CLANG_WARN_SUSPICIOUS_MOVE = YES;
				CLANG_WARN_UNGUARDED_AVAILABILITY = YES_AGGRESSIVE;
				CLANG_WARN_UNREACHABLE_CODE = YES;
				CLANG_WARN__DUPLICATE_METHOD_MATCH = YES;
				COPY_PHASE_STRIP = NO;
				DEBUG_INFORMATION_FORMAT = dwarf;
				ENABLE_STRICT_OBJC_MSGSEND = YES;
				ENABLE_TESTABILITY = YES;
				GCC_C_LANGUAGE_STANDARD = gnu11;
				GCC_DYNAMIC_NO_PIC = NO;
				GCC_NO_COMMON_BLOCKS = YES;
				GCC_OPTIMIZATION_LEVEL = 0;
				GCC_PREPROCESSOR_DEFINITIONS = (
					"DEBUG=1",
					"$(inherited)",
				);
				GCC_WARN_64_TO_32_BIT_CONVERSION = YES;
				GCC_WARN_ABOUT_RETURN_TYPE = YES_ERROR;
				GCC_WARN_UNDECLARED_SELECTOR = YES;
				GCC_WARN_UNINITIALIZED_AUTOS = YES_AGGRESSIVE;
				GCC_WARN_UNUSED_FUNCTION = YES;
				GCC_WARN_UNUSED_VARIABLE = YES;
				MACOSX_DEPLOYMENT_TARGET = 13.3;
				MTL_ENABLE_DEBUG_INFO = INCLUDE_SOURCE;
				MTL_FAST_MATH = YES;
				ONLY_ACTIVE_ARCH = YES;
				SDKROOT = macosx;
				SWIFT_ACTIVE_COMPILATION_CONDITIONS = DEBUG;
				SWIFT_OPTIMIZATION_LEVEL = "-Onone";
			};
			name = Debug;
		};
		30BB71822A9E414C00ADBF01 /* Release */ = {
			isa = XCBuildConfiguration;
			buildSettings = {
				ALWAYS_SEARCH_USER_PATHS = NO;
				CLANG_ANALYZER_NONNULL = YES;
				CLANG_ANALYZER_NUMBER_OBJECT_CONVERSION = YES_AGGRESSIVE;
				CLANG_CXX_LANGUAGE_STANDARD = "gnu++20";
				CLANG_ENABLE_MODULES = YES;
				CLANG_ENABLE_OBJC_ARC = YES;
				CLANG_ENABLE_OBJC_WEAK = YES;
				CLANG_WARN_BLOCK_CAPTURE_AUTORELEASING = YES;
				CLANG_WARN_BOOL_CONVERSION = YES;
				CLANG_WARN_COMMA = YES;
				CLANG_WARN_CONSTANT_CONVERSION = YES;
				CLANG_WARN_DEPRECATED_OBJC_IMPLEMENTATIONS = YES;
				CLANG_WARN_DIRECT_OBJC_ISA_USAGE = YES_ERROR;
				CLANG_WARN_DOCUMENTATION_COMMENTS = YES;
				CLANG_WARN_EMPTY_BODY = YES;
				CLANG_WARN_ENUM_CONVERSION = YES;
				CLANG_WARN_INFINITE_RECURSION = YES;
				CLANG_WARN_INT_CONVERSION = YES;
				CLANG_WARN_NON_LITERAL_NULL_CONVERSION = YES;
				CLANG_WARN_OBJC_IMPLICIT_RETAIN_SELF = YES;
				CLANG_WARN_OBJC_LITERAL_CONVERSION = YES;
				CLANG_WARN_OBJC_ROOT_CLASS = YES_ERROR;
				CLANG_WARN_QUOTED_INCLUDE_IN_FRAMEWORK_HEADER = YES;
				CLANG_WARN_RANGE_LOOP_ANALYSIS = YES;
				CLANG_WARN_STRICT_PROTOTYPES = YES;
				CLANG_WARN_SUSPICIOUS_MOVE = YES;
				CLANG_WARN_UNGUARDED_AVAILABILITY = YES_AGGRESSIVE;
				CLANG_WARN_UNREACHABLE_CODE = YES;
				CLANG_WARN__DUPLICATE_METHOD_MATCH = YES;
				COPY_PHASE_STRIP = NO;
				DEBUG_INFORMATION_FORMAT = "dwarf-with-dsym";
				ENABLE_NS_ASSERTIONS = NO;
				ENABLE_STRICT_OBJC_MSGSEND = YES;
				GCC_C_LANGUAGE_STANDARD = gnu11;
				GCC_NO_COMMON_BLOCKS = YES;
				GCC_WARN_64_TO_32_BIT_CONVERSION = YES;
				GCC_WARN_ABOUT_RETURN_TYPE = YES_ERROR;
				GCC_WARN_UNDECLARED_SELECTOR = YES;
				GCC_WARN_UNINITIALIZED_AUTOS = YES_AGGRESSIVE;
				GCC_WARN_UNUSED_FUNCTION = YES;
				GCC_WARN_UNUSED_VARIABLE = YES;
				MACOSX_DEPLOYMENT_TARGET = 13.3;
				MTL_ENABLE_DEBUG_INFO = NO;
				MTL_FAST_MATH = YES;
				SDKROOT = macosx;
				SWIFT_COMPILATION_MODE = wholemodule;
				SWIFT_OPTIMIZATION_LEVEL = "-O";
			};
			name = Release;
		};
		30BB71842A9E414C00ADBF01 /* Debug */ = {
			isa = XCBuildConfiguration;
			baseConfigurationReference = C6755CED1B76D8C9282268CA /* Pods-netdisk.debug.xcconfig */;
			buildSettings = {
				ASSETCATALOG_COMPILER_APPICON_NAME = AppIcon;
				ASSETCATALOG_COMPILER_GLOBAL_ACCENT_COLOR_NAME = AccentColor;
				CODE_SIGN_ENTITLEMENTS = netdisk/netdisk.entitlements;
				CODE_SIGN_STYLE = Automatic;
				COMBINE_HIDPI_IMAGES = YES;
				CURRENT_PROJECT_VERSION = 1;
				DEVELOPMENT_TEAM = V75YC5AZ2H;
				ENABLE_HARDENED_RUNTIME = YES;
				GENERATE_INFOPLIST_FILE = YES;
				INFOPLIST_FILE = netdisk/Info.plist;
				INFOPLIST_KEY_NSHumanReadableCopyright = "";
				INFOPLIST_KEY_NSPrincipalClass = NSApplication;
				LD_RUNPATH_SEARCH_PATHS = (
					"$(inherited)",
					"@executable_path/../Frameworks",
				);
				MACOSX_DEPLOYMENT_TARGET = 13.4;
				MARKETING_VERSION = 1.0;
				PRODUCT_BUNDLE_IDENTIFIER = com.thatisawesome.netdisk;
				PRODUCT_NAME = "$(TARGET_NAME)";
				SWIFT_EMIT_LOC_STRINGS = YES;
				SWIFT_VERSION = 5.0;
			};
			name = Debug;
		};
		30BB71852A9E414C00ADBF01 /* Release */ = {
			isa = XCBuildConfiguration;
			baseConfigurationReference = 0603C54326530B2086EA8E61 /* Pods-netdisk.release.xcconfig */;
			buildSettings = {
				ASSETCATALOG_COMPILER_APPICON_NAME = AppIcon;
				ASSETCATALOG_COMPILER_GLOBAL_ACCENT_COLOR_NAME = AccentColor;
				CODE_SIGN_ENTITLEMENTS = netdisk/netdisk.entitlements;
				CODE_SIGN_STYLE = Automatic;
				COMBINE_HIDPI_IMAGES = YES;
				CURRENT_PROJECT_VERSION = 1;
				DEVELOPMENT_TEAM = V75YC5AZ2H;
				ENABLE_HARDENED_RUNTIME = YES;
				GENERATE_INFOPLIST_FILE = YES;
				INFOPLIST_FILE = netdisk/Info.plist;
				INFOPLIST_KEY_NSHumanReadableCopyright = "";
				INFOPLIST_KEY_NSPrincipalClass = NSApplication;
				LD_RUNPATH_SEARCH_PATHS = (
					"$(inherited)",
					"@executable_path/../Frameworks",
				);
				MACOSX_DEPLOYMENT_TARGET = 13.4;
				MARKETING_VERSION = 1.0;
				PRODUCT_BUNDLE_IDENTIFIER = com.thatisawesome.netdisk;
				PRODUCT_NAME = "$(TARGET_NAME)";
				SWIFT_EMIT_LOC_STRINGS = YES;
				SWIFT_VERSION = 5.0;
			};
			name = Release;
		};
/* End XCBuildConfiguration section */

/* Begin XCConfigurationList section */
		30BB716F2A9E414B00ADBF01 /* Build configuration list for PBXProject "netdisk" */ = {
			isa = XCConfigurationList;
			buildConfigurations = (
				30BB71812A9E414C00ADBF01 /* Debug */,
				30BB71822A9E414C00ADBF01 /* Release */,
			);
			defaultConfigurationIsVisible = 0;
			defaultConfigurationName = Release;
		};
		30BB71832A9E414C00ADBF01 /* Build configuration list for PBXNativeTarget "netdisk" */ = {
			isa = XCConfigurationList;
			buildConfigurations = (
				30BB71842A9E414C00ADBF01 /* Debug */,
				30BB71852A9E414C00ADBF01 /* Release */,
			);
			defaultConfigurationIsVisible = 0;
			defaultConfigurationName = Release;
		};
/* End XCConfigurationList section */
	};
	rootObject = 30BB716C2A9E414B00ADBF01 /* Project object */;
}
